<?xml version="1.0" encoding="utf-8"?>
<Project ToolsVersion="4.0" xmlns="http://schemas.microsoft.com/developer/msbuild/2003">
  <ItemGroup>
    <Filter Include="Source files">
      <UniqueIdentifier>{5adcf7ff-f9ce-4714-af1f-e850bc2c7d15}</UniqueIdentifier>
      <Extensions>cpp;c;cc;cxx;def;odl;idl;hpj;bat;asm;asmx</Extensions>
    </Filter>
    <Filter Include="Header files">
      <UniqueIdentifier>{bf196aad-caca-4242-b277-3de2009a12c8}</UniqueIdentifier>
      <Extensions>h;hpp;hxx;hm;inl;inc;xsd</Extensions>
    </Filter>
    <Filter Include="Resource files">
      <UniqueIdentifier>{1a4ec309-a42b-4f38-bdaa-96cd0ccb5d18}</UniqueIdentifier>
      <Extensions>rc;ico;cur;bmp;dlg;rc2;rct;bin;rgs;gif;jpg;jpeg;jpe;resx;tiff;tif;png;wav</Extensions>
    </Filter>
    <Filter Include="Source files\Startup">
      <UniqueIdentifier>{cdfa1963-2071-4c1f-9229-d0818f73ff3c}</UniqueIdentifier>
    </Filter>
    <Filter Include="Source files\STM32Cube HAL">
      <UniqueIdentifier>{b57df20a-9520-4134-aeb8-4a846fd0bd54}</UniqueIdentifier>
    </Filter>
    <Filter Include="Source files\STM32Cube HAL\COMMON">
      <UniqueIdentifier>{14459c65-50f9-48cc-b9be-687a49109bc9}</UniqueIdentifier>
    </Filter>
    <Filter Include="Source files\STM32Cube HAL\PCD">
      <UniqueIdentifier>{61baa439-9758-46d1-859f-ea8ea856aab4}</UniqueIdentifier>
    </Filter>
    <Filter Include="Source files\STM32Cube HAL\RCC">
      <UniqueIdentifier>{a6aaf26e-4907-4481-b7b1-9395e9870777}</UniqueIdentifier>
    </Filter>
    <Filter Include="Source files\STM32Cube HAL\CORTEX">
      <UniqueIdentifier>{d2301a1c-2fcb-4b0d-930b-80f53163f424}</UniqueIdentifier>
    </Filter>
    <Filter Include="Source files\STM32Cube HAL\TIM">
      <UniqueIdentifier>{96374411-b168-40bd-9474-496c661d240c}</UniqueIdentifier>
    </Filter>
    <Filter Include="Source files\STM32Cube HAL\DMA">
      <UniqueIdentifier>{cec28992-4325-4677-947e-bb5a8ab0a233}</UniqueIdentifier>
    </Filter>
    <Filter Include="Source files\STM32Cube HAL\PWR">
      <UniqueIdentifier>{c41a25a5-66ac-4780-b667-c54c24f1e992}</UniqueIdentifier>
    </Filter>
    <Filter Include="Source files\STM32Cube HAL\FLASH">
      <UniqueIdentifier>{d9062b97-dbf7-48c8-b13a-1c9e988dcce7}</UniqueIdentifier>
    </Filter>
    <Filter Include="Source files\STM32Cube HAL\GPIO">
      <UniqueIdentifier>{8a15c64d-8be4-4c72-9336-541a8fd133cf}</UniqueIdentifier>
    </Filter>
    <Filter Include="Source files\STM32Cube HAL\USB_DEVICE">
      <UniqueIdentifier>{6138f7f6-335f-4f94-84d6-7fa753648e4a}</UniqueIdentifier>
    </Filter>
    <Filter Include="Source files\Device-specific files">
      <UniqueIdentifier>{de66224d-462f-4a49-b9ed-ef3aa362005b}</UniqueIdentifier>
    </Filter>
    <Filter Include="Header files\Startup">
      <UniqueIdentifier>{95eeffce-4152-4895-ae55-06247ba53fc7}</UniqueIdentifier>
    </Filter>
    <Filter Include="Header files\STM32Cube HAL">
      <UniqueIdentifier>{f67a7de0-4a48-48fe-9559-9fef82a9358f}</UniqueIdentifier>
    </Filter>
    <Filter Include="Header files\STM32Cube HAL\COMMON">
      <UniqueIdentifier>{36a93627-e87e-483a-aa23-17c5d2bd8f51}</UniqueIdentifier>
    </Filter>
    <Filter Include="Header files\STM32Cube HAL\PCD">
      <UniqueIdentifier>{33cf6e6a-52cd-404b-92ac-90147f4d80ab}</UniqueIdentifier>
    </Filter>
    <Filter Include="Header files\STM32Cube HAL\RCC">
      <UniqueIdentifier>{12d58b9c-85a0-4357-8618-af1293ee0f32}</UniqueIdentifier>
    </Filter>
    <Filter Include="Header files\STM32Cube HAL\CORTEX">
      <UniqueIdentifier>{f31af76a-b1e8-4c0b-9afb-483a406c58b4}</UniqueIdentifier>
    </Filter>
    <Filter Include="Header files\STM32Cube HAL\TIM">
      <UniqueIdentifier>{7f707ae0-2bcc-4e03-8d08-9aa11e645865}</UniqueIdentifier>
    </Filter>
    <Filter Include="Header files\STM32Cube HAL\DMA">
      <UniqueIdentifier>{335d354b-5eaa-4ceb-abaf-79a47e278438}</UniqueIdentifier>
    </Filter>
    <Filter Include="Header files\STM32Cube HAL\PWR">
      <UniqueIdentifier>{78749d6d-a44b-4789-a201-9754046c8f0e}</UniqueIdentifier>
    </Filter>
    <Filter Include="Header files\STM32Cube HAL\FLASH">
      <UniqueIdentifier>{59a468d3-2e08-4903-b0fb-010c364957ce}</UniqueIdentifier>
    </Filter>
    <Filter Include="Header files\STM32Cube HAL\GPIO">
      <UniqueIdentifier>{cf2c1778-5e1d-4dcb-bd8d-edbaa10d4be2}</UniqueIdentifier>
    </Filter>
    <Filter Include="Header files\STM32Cube HAL\USB_DEVICE">
      <UniqueIdentifier>{2d9ab8ac-ccba-478a-a9ad-6baa7b5119e0}</UniqueIdentifier>
    </Filter>
    <Filter Include="Header files\Device-specific files">
      <UniqueIdentifier>{a9781a3d-518a-414f-aee6-d5a3cf009a33}</UniqueIdentifier>
    </Filter>
    <Filter Include="VisualGDB settings">
      <UniqueIdentifier>{dd9ff130-5d9e-4e58-92a3-3b6c70ce6913}</UniqueIdentifier>
    </Filter>
    <Filter Include="Header files\rtt">
      <UniqueIdentifier>{a9619ca5-7555-446e-b1db-ac928eb6f897}</UniqueIdentifier>
    </Filter>
    <Filter Include="Source files\rtt">
      <UniqueIdentifier>{484fbb73-ceba-414f-99b9-9f8c051e20bb}</UniqueIdentifier>
    </Filter>
    <Filter Include="Source files\STM32Cube HAL\UART">
      <UniqueIdentifier>{2dd4ee3b-cf71-4211-9868-b1d6e42d6a56}</UniqueIdentifier>
    </Filter>
    <Filter Include="Source files\STM32Cube HAL\SPI">
      <UniqueIdentifier>{f50c6a78-5168-4c70-966f-f89d5c1ef8ee}</UniqueIdentifier>
    </Filter>
    <Filter Include="Header files\STM32Cube HAL\UART">
      <UniqueIdentifier>{0d9ad4e4-a647-4f46-a6eb-f6ab461a6c56}</UniqueIdentifier>
    </Filter>
    <Filter Include="Header files\STM32Cube HAL\SPI">
      <UniqueIdentifier>{b9b3b379-aafc-4f42-8fc5-804e4cb5ac9f}</UniqueIdentifier>
    </Filter>
    <Filter Include="Source files\usbhost">
      <UniqueIdentifier>{c79f568c-6cf9-45d5-b0ff-08e039658709}</UniqueIdentifier>
    </Filter>
    <Filter Include="Header files\usbhost">
      <UniqueIdentifier>{162ce283-a1da-49a7-b216-9320e1e11b46}</UniqueIdentifier>
    </Filter>
  </ItemGroup>
  <ItemGroup>
    <ClCompile Include="Src\usb_device.c">
      <Filter>Source files</Filter>
    </ClCompile>
    <ClCompile Include="Src\usbd_conf.c">
      <Filter>Source files</Filter>
    </ClCompile>
    <ClCompile Include="Src\usbd_desc.c">
      <Filter>Source files</Filter>
    </ClCompile>
    <ClCompile Include="Src\stm32f1xx_it.c">
      <Filter>Source files</Filter>
    </ClCompile>
    <ClCompile Include="Src\stm32f1xx_hal_msp.c">
      <Filter>Source files</Filter>
    </ClCompile>
    <ClCompile Include="Src\main.c">
      <Filter>Source files</Filter>
    </ClCompile>
    <ClCompile Include="Drivers\CMSIS\Device\ST\STM32F1xx\Source\Templates\system_stm32f1xx.c">
      <Filter>Source files\Startup</Filter>
    </ClCompile>
    <ClCompile Include="Drivers\STM32F1xx_HAL_Driver\Src\stm32f1xx_hal.c">
      <Filter>Source files\STM32Cube HAL\COMMON</Filter>
    </ClCompile>
    <ClCompile Include="Drivers\STM32F1xx_HAL_Driver\Src\stm32f1xx_hal_pcd.c">
      <Filter>Source files\STM32Cube HAL\PCD</Filter>
    </ClCompile>
    <ClCompile Include="Drivers\STM32F1xx_HAL_Driver\Src\stm32f1xx_hal_pcd_ex.c">
      <Filter>Source files\STM32Cube HAL\PCD</Filter>
    </ClCompile>
    <ClCompile Include="Drivers\STM32F1xx_HAL_Driver\Src\stm32f1xx_ll_usb.c">
      <Filter>Source files\STM32Cube HAL\PCD</Filter>
    </ClCompile>
    <ClCompile Include="Drivers\STM32F1xx_HAL_Driver\Src\stm32f1xx_hal_rcc.c">
      <Filter>Source files\STM32Cube HAL\RCC</Filter>
    </ClCompile>
    <ClCompile Include="Drivers\STM32F1xx_HAL_Driver\Src\stm32f1xx_hal_rcc_ex.c">
      <Filter>Source files\STM32Cube HAL\RCC</Filter>
    </ClCompile>
    <ClCompile Include="Drivers\STM32F1xx_HAL_Driver\Src\stm32f1xx_hal_cortex.c">
      <Filter>Source files\STM32Cube HAL\CORTEX</Filter>
    </ClCompile>
    <ClCompile Include="Drivers\STM32F1xx_HAL_Driver\Src\stm32f1xx_hal_tim.c">
      <Filter>Source files\STM32Cube HAL\TIM</Filter>
    </ClCompile>
    <ClCompile Include="Drivers\STM32F1xx_HAL_Driver\Src\stm32f1xx_hal_tim_ex.c">
      <Filter>Source files\STM32Cube HAL\TIM</Filter>
    </ClCompile>
    <ClCompile Include="Drivers\STM32F1xx_HAL_Driver\Src\stm32f1xx_hal_dma.c">
      <Filter>Source files\STM32Cube HAL\DMA</Filter>
    </ClCompile>
    <ClCompile Include="Drivers\STM32F1xx_HAL_Driver\Src\stm32f1xx_hal_pwr.c">
      <Filter>Source files\STM32Cube HAL\PWR</Filter>
    </ClCompile>
    <ClCompile Include="Drivers\STM32F1xx_HAL_Driver\Src\stm32f1xx_hal_flash.c">
      <Filter>Source files\STM32Cube HAL\FLASH</Filter>
    </ClCompile>
    <ClCompile Include="Drivers\STM32F1xx_HAL_Driver\Src\stm32f1xx_hal_flash_ex.c">
      <Filter>Source files\STM32Cube HAL\FLASH</Filter>
    </ClCompile>
    <ClCompile Include="Drivers\STM32F1xx_HAL_Driver\Src\stm32f1xx_hal_gpio.c">
      <Filter>Source files\STM32Cube HAL\GPIO</Filter>
    </ClCompile>
    <ClCompile Include="Middlewares\ST\STM32_USB_Device_Library\Core\Src\usbd_core.c">
      <Filter>Source files\STM32Cube HAL\USB_DEVICE</Filter>
    </ClCompile>
    <ClCompile Include="Middlewares\ST\STM32_USB_Device_Library\Core\Src\usbd_ctlreq.c">
      <Filter>Source files\STM32Cube HAL\USB_DEVICE</Filter>
    </ClCompile>
    <ClCompile Include="Middlewares\ST\STM32_USB_Device_Library\Core\Src\usbd_ioreq.c">
      <Filter>Source files\STM32Cube HAL\USB_DEVICE</Filter>
    </ClCompile>
    <None Include="stm32.props">
      <Filter>Source files\Device-specific files</Filter>
    </None>
    <ClCompile Include="$(BSP_ROOT)\STM32F1xxxx\StartupFiles\startup_stm32f103xb.c">
      <Filter>Source files\Device-specific files</Filter>
    </ClCompile>
    <ClInclude Include="Inc\usb_device.h">
      <Filter>Header files</Filter>
    </ClInclude>
    <ClInclude Include="Inc\usbd_conf.h">
      <Filter>Header files</Filter>
    </ClInclude>
    <ClInclude Include="Inc\usbd_desc.h">
      <Filter>Header files</Filter>
    </ClInclude>
    <ClInclude Include="Inc\stm32f1xx_it.h">
      <Filter>Header files</Filter>
    </ClInclude>
    <ClInclude Include="Inc\stm32f1xx_hal_conf.h">
      <Filter>Header files</Filter>
    </ClInclude>
    <ClInclude Include="Inc\main.h">
      <Filter>Header files</Filter>
    </ClInclude>
    <ClInclude Include="Drivers\CMSIS\Device\ST\STM32F1xx\Include\stm32f1xx.h">
      <Filter>Header files\Startup</Filter>
    </ClInclude>
    <ClInclude Include="Drivers\CMSIS\Device\ST\STM32F1xx\Include\system_stm32f1xx.h">
      <Filter>Header files\Startup</Filter>
    </ClInclude>
    <ClInclude Include="Drivers\STM32F1xx_HAL_Driver\Inc\stm32f1xx_hal.h">
      <Filter>Header files\STM32Cube HAL\COMMON</Filter>
    </ClInclude>
    <ClInclude Include="Drivers\STM32F1xx_HAL_Driver\Inc\Legacy\stm32_hal_legacy.h">
      <Filter>Header files\STM32Cube HAL\COMMON</Filter>
    </ClInclude>
    <ClInclude Include="Drivers\STM32F1xx_HAL_Driver\Inc\stm32f1xx_hal_def.h">
      <Filter>Header files\STM32Cube HAL\COMMON</Filter>
    </ClInclude>
    <ClInclude Include="Drivers\STM32F1xx_HAL_Driver\Inc\stm32f1xx_hal_pcd.h">
      <Filter>Header files\STM32Cube HAL\PCD</Filter>
    </ClInclude>
    <ClInclude Include="Drivers\STM32F1xx_HAL_Driver\Inc\stm32f1xx_hal_pcd_ex.h">
      <Filter>Header files\STM32Cube HAL\PCD</Filter>
    </ClInclude>
    <ClInclude Include="Drivers\STM32F1xx_HAL_Driver\Inc\stm32f1xx_ll_usb.h">
      <Filter>Header files\STM32Cube HAL\PCD</Filter>
    </ClInclude>
    <ClInclude Include="Drivers\STM32F1xx_HAL_Driver\Inc\stm32f1xx_hal_rcc.h">
      <Filter>Header files\STM32Cube HAL\RCC</Filter>
    </ClInclude>
    <ClInclude Include="Drivers\STM32F1xx_HAL_Driver\Inc\stm32f1xx_hal_rcc_ex.h">
      <Filter>Header files\STM32Cube HAL\RCC</Filter>
    </ClInclude>
    <ClInclude Include="Drivers\STM32F1xx_HAL_Driver\Inc\stm32f1xx_hal_cortex.h">
      <Filter>Header files\STM32Cube HAL\CORTEX</Filter>
    </ClInclude>
    <ClInclude Include="Drivers\STM32F1xx_HAL_Driver\Inc\stm32f1xx_hal_tim.h">
      <Filter>Header files\STM32Cube HAL\TIM</Filter>
    </ClInclude>
    <ClInclude Include="Drivers\STM32F1xx_HAL_Driver\Inc\stm32f1xx_hal_tim_ex.h">
      <Filter>Header files\STM32Cube HAL\TIM</Filter>
    </ClInclude>
    <ClInclude Include="Drivers\STM32F1xx_HAL_Driver\Inc\stm32f1xx_hal_dma_ex.h">
      <Filter>Header files\STM32Cube HAL\DMA</Filter>
    </ClInclude>
    <ClInclude Include="Drivers\STM32F1xx_HAL_Driver\Inc\stm32f1xx_hal_dma.h">
      <Filter>Header files\STM32Cube HAL\DMA</Filter>
    </ClInclude>
    <ClInclude Include="Drivers\STM32F1xx_HAL_Driver\Inc\stm32f1xx_hal_pwr.h">
      <Filter>Header files\STM32Cube HAL\PWR</Filter>
    </ClInclude>
    <ClInclude Include="Drivers\STM32F1xx_HAL_Driver\Inc\stm32f1xx_hal_flash.h">
      <Filter>Header files\STM32Cube HAL\FLASH</Filter>
    </ClInclude>
    <ClInclude Include="Drivers\STM32F1xx_HAL_Driver\Inc\stm32f1xx_hal_flash_ex.h">
      <Filter>Header files\STM32Cube HAL\FLASH</Filter>
    </ClInclude>
    <ClInclude Include="Drivers\STM32F1xx_HAL_Driver\Inc\stm32f1xx_hal_gpio.h">
      <Filter>Header files\STM32Cube HAL\GPIO</Filter>
    </ClInclude>
    <ClInclude Include="Drivers\STM32F1xx_HAL_Driver\Inc\stm32f1xx_hal_gpio_ex.h">
      <Filter>Header files\STM32Cube HAL\GPIO</Filter>
    </ClInclude>
    <ClCompile Include="Drivers\STM32F1xx_HAL_Driver\Src\stm32f1xx_hal_gpio_ex.c">
      <Filter>Header files\STM32Cube HAL\GPIO</Filter>
    </ClCompile>
    <ClInclude Include="Middlewares\ST\STM32_USB_Device_Library\Core\Inc\usbd_core.h">
      <Filter>Header files\STM32Cube HAL\USB_DEVICE</Filter>
    </ClInclude>
    <ClInclude Include="Middlewares\ST\STM32_USB_Device_Library\Core\Inc\usbd_ctlreq.h">
      <Filter>Header files\STM32Cube HAL\USB_DEVICE</Filter>
    </ClInclude>
    <ClInclude Include="Middlewares\ST\STM32_USB_Device_Library\Core\Inc\usbd_def.h">
      <Filter>Header files\STM32Cube HAL\USB_DEVICE</Filter>
    </ClInclude>
    <ClInclude Include="Middlewares\ST\STM32_USB_Device_Library\Core\Inc\usbd_ioreq.h">
      <Filter>Header files\STM32Cube HAL\USB_DEVICE</Filter>
    </ClInclude>
    <None Include="stm32f103_usb_host-Debug.vgdbsettings">
      <Filter>VisualGDB settings</Filter>
    </None>
    <None Include="stm32f103_usb_host-Release.vgdbsettings">
      <Filter>VisualGDB settings</Filter>
    </None>
    <None Include="stm32.xml">
      <Filter>VisualGDB settings</Filter>
    </None>
    <ClCompile Include="application.c">
      <Filter>Source files</Filter>
    </ClCompile>
    <ClCompile Include="..\..\..\..\..\Program Files (x86)\SEGGER\JLink\Samples\RTT\SEGGER_RTT_V646\RTT\SEGGER_RTT.c">
      <Filter>Source files\rtt</Filter>
    </ClCompile>
    <ClCompile Include="..\..\..\..\..\Program Files (x86)\SEGGER\JLink\Samples\RTT\SEGGER_RTT_V646\RTT\SEGGER_RTT_printf.c">
      <Filter>Source files\rtt</Filter>
    </ClCompile>
    <ClCompile Include="Src\usbd_storage_if.c">
      <Filter>Source files</Filter>
    </ClCompile>
    <ClCompile Include="Drivers\STM32F1xx_HAL_Driver\Src\stm32f1xx_hal_uart.c">
      <Filter>Source files\STM32Cube HAL\UART</Filter>
    </ClCompile>
    <ClCompile Include="Drivers\STM32F1xx_HAL_Driver\Src\stm32f1xx_hal_spi.c">
      <Filter>Source files\STM32Cube HAL\SPI</Filter>
    </ClCompile>
    <ClCompile Include="Drivers\STM32F1xx_HAL_Driver\Src\stm32f1xx_hal_spi_ex.c">
      <Filter>Source files\STM32Cube HAL\SPI</Filter>
    </ClCompile>
    <ClCompile Include="Middlewares\ST\STM32_USB_Device_Library\Class\MSC\Src\usbd_msc.c">
      <Filter>Source files\STM32Cube HAL\USB_DEVICE</Filter>
    </ClCompile>
    <ClCompile Include="Middlewares\ST\STM32_USB_Device_Library\Class\MSC\Src\usbd_msc_bot.c">
      <Filter>Source files\STM32Cube HAL\USB_DEVICE</Filter>
    </ClCompile>
    <ClCompile Include="Middlewares\ST\STM32_USB_Device_Library\Class\MSC\Src\usbd_msc_data.c">
      <Filter>Source files\STM32Cube HAL\USB_DEVICE</Filter>
    </ClCompile>
    <ClCompile Include="Middlewares\ST\STM32_USB_Device_Library\Class\MSC\Src\usbd_msc_scsi.c">
      <Filter>Source files\STM32Cube HAL\USB_DEVICE</Filter>
    </ClCompile>
    <ClInclude Include="Inc\usbd_storage_if.h">
      <Filter>Header files</Filter>
    </ClInclude>
    <ClInclude Include="Drivers\STM32F1xx_HAL_Driver\Inc\stm32f1xx_hal_uart.h">
      <Filter>Header files\STM32Cube HAL\UART</Filter>
    </ClInclude>
    <ClInclude Include="Drivers\STM32F1xx_HAL_Driver\Inc\stm32f1xx_hal_spi.h">
      <Filter>Header files\STM32Cube HAL\SPI</Filter>
    </ClInclude>
    <ClInclude Include="Middlewares\ST\STM32_USB_Device_Library\Class\MSC\Inc\usbd_msc.h">
      <Filter>Header files\STM32Cube HAL\USB_DEVICE</Filter>
    </ClInclude>
    <ClInclude Include="Middlewares\ST\STM32_USB_Device_Library\Class\MSC\Inc\usbd_msc_bot.h">
      <Filter>Header files\STM32Cube HAL\USB_DEVICE</Filter>
    </ClInclude>
    <ClInclude Include="Middlewares\ST\STM32_USB_Device_Library\Class\MSC\Inc\usbd_msc_data.h">
      <Filter>Header files\STM32Cube HAL\USB_DEVICE</Filter>
    </ClInclude>
    <ClInclude Include="Middlewares\ST\STM32_USB_Device_Library\Class\MSC\Inc\usbd_msc_scsi.h">
      <Filter>Header files\STM32Cube HAL\USB_DEVICE</Filter>
    </ClInclude>
    <ClCompile Include="hiduniversal.c">
      <Filter>Source files\usbhost</Filter>
    </ClCompile>
    <ClCompile Include="MAX3421E.c">
      <Filter>Source files\usbhost</Filter>
    </ClCompile>
    <ClCompile Include="UsbDescriptorParser.c">
      <Filter>Source files\usbhost</Filter>
    </ClCompile>
    <ClCompile Include="log.c">
      <Filter>Source files</Filter>
    </ClCompile>
    <ClCompile Include="USBCore.c">
      <Filter>Source files\usbhost</Filter>
    </ClCompile>
  </ItemGroup>
  <ItemGroup>
    <ClInclude Include="application.h">
      <Filter>Header files</Filter>
    </ClInclude>
    <ClInclude Include="..\..\..\..\..\Program Files (x86)\SEGGER\JLink\Samples\RTT\SEGGER_RTT_V646\RTT\SEGGER_RTT.h">
      <Filter>Header files\rtt</Filter>
    </ClInclude>
    <ClInclude Include="..\..\..\..\..\Program Files (x86)\SEGGER\JLink\Samples\RTT\SEGGER_RTT_V646\RTT\SEGGER_RTT_Conf.h">
      <Filter>Header files\rtt</Filter>
    </ClInclude>
    <ClInclude Include="types_shortcuts.h">
      <Filter>Header files</Filter>
    </ClInclude>
    <ClInclude Include="MAX3421E.h">
      <Filter>Header files\usbhost</Filter>
    </ClInclude>
    <ClInclude Include="MAX3421E_registers.h">
      <Filter>Header files\usbhost</Filter>
    </ClInclude>
    <ClInclude Include="usb_ch9.h">
      <Filter>Header files\usbhost</Filter>
    </ClInclude>
    <ClInclude Include="hiduniversal.h">
      <Filter>Header files\usbhost</Filter>
    </ClInclude>
    <ClInclude Include="USBDevice.h">
      <Filter>Header files\usbhost</Filter>
    </ClInclude>
    <ClInclude Include="UsbDescriptorParser.h">
      <Filter>Header files\usbhost</Filter>
    </ClInclude>
    <ClInclude Include="log.h">
      <Filter>Header files</Filter>
    </ClInclude>
    <ClInclude Include="USBCore.h">
      <Filter>Header files\usbhost</Filter>
    </ClInclude>
  </ItemGroup>
</Project>